
Microsoft Visual Studio Solution File, Format Version 12.00
Project("{FAE04EC0-301F-11D3-BF4B-00C04F79EFBC}") = "ApiBlogApp.Entities", "ApiBlogApp.Entities\ApiBlogApp.Entities.csproj", "{B992F858-63F3-4670-A613-F311CFEEBC70}"
EndProject
Project("{FAE04EC0-301F-11D3-BF4B-00C04F79EFBC}") = "ApiBlogApp.DataAccess", "ApiBlogApp.DataAccess\ApiBlogApp.DataAccess.csproj", "{2B07F59C-5800-4523-978B-80B5AA2FDAD2}"
EndProject
Project("{FAE04EC0-301F-11D3-BF4B-00C04F79EFBC}") = "ApiBlogApp.BusinessLogic", "ApiBlogApp.BusinessLogic\ApiBlogApp.BusinessLogic.csproj", "{22809EF0-D94B-4FAD-B3C1-466600289C09}"
EndProject
Project("{FAE04EC0-301F-11D3-BF4B-00C04F79EFBC}") = "ApiBlogApp.WebAPI", "ApiBlogApp.WebAPI\ApiBlogApp.WebAPI.csproj", "{0CB5828E-B14C-40A8-860D-F32253EE70D7}"
EndProject
Project("{FAE04EC0-301F-11D3-BF4B-00C04F79EFBC}") = "ApiBlogApp.DataTransformationObjects", "ApiBlogApp.DataTransformationObjects\ApiBlogApp.DataTransformationObjects.csproj", "{55306E9F-30B8-40BF-8FD1-21944F52EF84}"
EndProject
Global
	GlobalSection(SolutionConfigurationPlatforms) = preSolution
		Debug|Any CPU = Debug|Any CPU
		Release|Any CPU = Release|Any CPU
	EndGlobalSection
	GlobalSection(ProjectConfigurationPlatforms) = postSolution
		{B992F858-63F3-4670-A613-F311CFEEBC70}.Debug|Any CPU.ActiveCfg = Debug|Any CPU
		{B992F858-63F3-4670-A613-F311CFEEBC70}.Debug|Any CPU.Build.0 = Debug|Any CPU
		{B992F858-63F3-4670-A613-F311CFEEBC70}.Debug|Any CPU.Deploy.0 = Debug|Any CPU
		{2B07F59C-5800-4523-978B-80B5AA2FDAD2}.Debug|Any CPU.ActiveCfg = Debug|Any CPU
		{2B07F59C-5800-4523-978B-80B5AA2FDAD2}.Debug|Any CPU.Build.0 = Debug|Any CPU
		{2B07F59C-5800-4523-978B-80B5AA2FDAD2}.Release|Any CPU.ActiveCfg = Release|Any CPU
		{2B07F59C-5800-4523-978B-80B5AA2FDAD2}.Release|Any CPU.Build.0 = Release|Any CPU
		{22809EF0-D94B-4FAD-B3C1-466600289C09}.Debug|Any CPU.ActiveCfg = Debug|Any CPU
		{22809EF0-D94B-4FAD-B3C1-466600289C09}.Debug|Any CPU.Build.0 = Debug|Any CPU
		{22809EF0-D94B-4FAD-B3C1-466600289C09}.Release|Any CPU.ActiveCfg = Release|Any CPU
		{22809EF0-D94B-4FAD-B3C1-466600289C09}.Release|Any CPU.Build.0 = Release|Any CPU
		{0CB5828E-B14C-40A8-860D-F32253EE70D7}.Debug|Any CPU.ActiveCfg = Debug|Any CPU
		{0CB5828E-B14C-40A8-860D-F32253EE70D7}.Debug|Any CPU.Build.0 = Debug|Any CPU
		{0CB5828E-B14C-40A8-860D-F32253EE70D7}.Release|Any CPU.ActiveCfg = Release|Any CPU
		{0CB5828E-B14C-40A8-860D-F32253EE70D7}.Release|Any CPU.Build.0 = Release|Any CPU
		{55306E9F-30B8-40BF-8FD1-21944F52EF84}.Debug|Any CPU.ActiveCfg = Debug|Any CPU
		{55306E9F-30B8-40BF-8FD1-21944F52EF84}.Debug|Any CPU.Build.0 = Debug|Any CPU
		{55306E9F-30B8-40BF-8FD1-21944F52EF84}.Release|Any CPU.ActiveCfg = Release|Any CPU
		{55306E9F-30B8-40BF-8FD1-21944F52EF84}.Release|Any CPU.Build.0 = Release|Any CPU
	EndGlobalSection
EndGlobal
